
Microsoft Visual Studio Solution File, Format Version 12.00
# Visual Studio 15
Project("{FAE04EC0-301F-11D3-BF4B-00C04F79EFBC}") = "Project Quantum", "Project Quantum.csproj", "{9D7B7BC7-4F2D-7E4B-F613-A72CF52E0F69}"
EndProject
Project("{FAE04EC0-301F-11D3-BF4B-00C04F79EFBC}") = "Project Quantum.Editor", "Project Quantum.Editor.csproj", "{C3260A31-2A72-1EF1-72BE-2027A54ED29C}"
EndProject
Global
	GlobalSection(SolutionConfigurationPlatforms) = preSolution
		Debug|Any CPU = Debug|Any CPU
		Release|Any CPU = Release|Any CPU
	EndGlobalSection
	GlobalSection(ProjectConfigurationPlatforms) = postSolution
		{9D7B7BC7-4F2D-7E4B-F613-A72CF52E0F69}.Debug|Any CPU.ActiveCfg = Debug|Any CPU
		{9D7B7BC7-4F2D-7E4B-F613-A72CF52E0F69}.Debug|Any CPU.Build.0 = Debug|Any CPU
		{9D7B7BC7-4F2D-7E4B-F613-A72CF52E0F69}.Release|Any CPU.ActiveCfg = Release|Any CPU
		{9D7B7BC7-4F2D-7E4B-F613-A72CF52E0F69}.Release|Any CPU.Build.0 = Release|Any CPU
		{C3260A31-2A72-1EF1-72BE-2027A54ED29C}.Debug|Any CPU.ActiveCfg = Debug|Any CPU
		{C3260A31-2A72-1EF1-72BE-2027A54ED29C}.Debug|Any CPU.Build.0 = Debug|Any CPU
		{C3260A31-2A72-1EF1-72BE-2027A54ED29C}.Release|Any CPU.ActiveCfg = Release|Any CPU
		{C3260A31-2A72-1EF1-72BE-2027A54ED29C}.Release|Any CPU.Build.0 = Release|Any CPU
	EndGlobalSection
	GlobalSection(SolutionProperties) = preSolution
		HideSolutionNode = FALSE
	EndGlobalSection
EndGlobal
